{
    "_readme": [
        "This file locks the dependencies of your project to a known state",
        "Read more about it at https://getcomposer.org/doc/01-basic-usage.md#composer-lock-the-lock-file",
        "This file is @generated automatically"
    ],
    "content-hash": "6ff96d1ed7b8b6b2eb2430d5dd707ce6",
    "packages": [
        {
            "name": "hazaarlabs/hazaar-mvc",
            "version": "2.3.58",
            "source": {
                "type": "git",
                "url": "https://git.hazaarlabs.com/hazaar/hazaar-mvc.git",
                "reference": "0085e70f13a5ee5727edf77313516c260c5205e0"
            },
            "require": {
                "php": "^5.6 || ^7.0"
            },
            "require-dev": {
                "phpunit/phpunit": "3.7.14"
            },
            "type": "library",
            "autoload": {
                "psr-4": {
                    "Hazaar\\": "src/"
                }
            },
            "notification-url": "https://packagist.org/downloads/",
            "license": [
                "Apache-2.0"
            ],
            "authors": [
                {
                    "name": "Jamie Carl",
                    "email": "jamie@hazaarlabs.com",
                    "homepage": "http://www.hazaarlabs.com",
                    "role": "developer"
                }
            ],
            "description": "The MVC framework that makes PHP not suck!",
            "homepage": "http://hazaarmvc.com",
            "keywords": [
                "framework",
                "hazaar",
                "hmvc",
                "mvc",
                "php"
            ],
            "time": "2018-06-13T06:18:02+00:00"
        }
    ],
    "packages-dev": [],
    "aliases": [],
    "minimum-stability": "dev",
    "stability-flags": [],
    "prefer-stable": true,
    "prefer-lowest": false,
    "platform": [],
    "platform-dev": []
}
